
Microsoft Visual Studio Solution File, Format Version 12.00
# Visual Studio Version 17
VisualStudioVersion = 17.3.32929.385
MinimumVisualStudioVersion = 10.0.40219.1
Project("{9A19103F-16F7-4668-BE54-9A1E7A4F7556}") = "Fantasy.API", "Fantasy.API\Fantasy.API.csproj", "{D7EA2581-FE6F-4277-8B55-BB7200F78E19}"
EndProject
Project("{9A19103F-16F7-4668-BE54-9A1E7A4F7556}") = "Fantasy.Logic", "Fantasy.Logic\Fantasy.Logic.csproj", "{EDA52F3E-D7F2-4874-9F2D-865A59311FA1}"
EndProject
Project("{9A19103F-16F7-4668-BE54-9A1E7A4F7556}") = "Fantasy.Presentation", "Fantasy.Presentation\Fantasy.Presentation.csproj", "{55E7948E-B2FF-44D9-B133-367EA9100676}"
EndProject
Project("{2150E333-8FDC-42A3-9474-1A3956D46DE8}") = "Tests", "Tests", "{9CCA7E67-1225-4D4C-9780-BB51E63CF104}"
EndProject
Project("{9A19103F-16F7-4668-BE54-9A1E7A4F7556}") = "Fantasy.Logic.Tests", "Fantasy.Logic.Tests\Fantasy.Logic.Tests.csproj", "{B8750FA1-E37F-434E-BFA8-FD27A0FA670F}"
EndProject
Project("{2150E333-8FDC-42A3-9474-1A3956D46DE8}") = "src", "src", "{639588C2-76A2-4D46-BC48-A539CB9D3507}"
EndProject
Project("{9A19103F-16F7-4668-BE54-9A1E7A4F7556}") = "Fantasy.Presentation.Tests", "Fantasy.Presentation.Tests\Fantasy.Presentation.Tests.csproj", "{34AF7FDB-7FE6-4B35-80DC-7BBFF47A8E54}"
EndProject
Project("{9A19103F-16F7-4668-BE54-9A1E7A4F7556}") = "Fantasy.API.Tests", "Fantasy.API.Tests\Fantasy.API.Tests.csproj", "{A80CDDF4-36E9-436D-A33C-9D5700CDF4CD}"
EndProject
Project("{2150E333-8FDC-42A3-9474-1A3956D46DE8}") = "NewFolder1", "NewFolder1", "{A7ABCA10-4BB6-41F6-B860-F4ECCFF7F533}"
EndProject
Global
	GlobalSection(SolutionConfigurationPlatforms) = preSolution
		Debug|Any CPU = Debug|Any CPU
		Release|Any CPU = Release|Any CPU
	EndGlobalSection
	GlobalSection(ProjectConfigurationPlatforms) = postSolution
		{D7EA2581-FE6F-4277-8B55-BB7200F78E19}.Debug|Any CPU.ActiveCfg = Debug|Any CPU
		{D7EA2581-FE6F-4277-8B55-BB7200F78E19}.Debug|Any CPU.Build.0 = Debug|Any CPU
		{D7EA2581-FE6F-4277-8B55-BB7200F78E19}.Release|Any CPU.ActiveCfg = Release|Any CPU
		{D7EA2581-FE6F-4277-8B55-BB7200F78E19}.Release|Any CPU.Build.0 = Release|Any CPU
		{EDA52F3E-D7F2-4874-9F2D-865A59311FA1}.Debug|Any CPU.ActiveCfg = Debug|Any CPU
		{EDA52F3E-D7F2-4874-9F2D-865A59311FA1}.Debug|Any CPU.Build.0 = Debug|Any CPU
		{EDA52F3E-D7F2-4874-9F2D-865A59311FA1}.Release|Any CPU.ActiveCfg = Release|Any CPU
		{EDA52F3E-D7F2-4874-9F2D-865A59311FA1}.Release|Any CPU.Build.0 = Release|Any CPU
		{55E7948E-B2FF-44D9-B133-367EA9100676}.Debug|Any CPU.ActiveCfg = Debug|Any CPU
		{55E7948E-B2FF-44D9-B133-367EA9100676}.Debug|Any CPU.Build.0 = Debug|Any CPU
		{55E7948E-B2FF-44D9-B133-367EA9100676}.Release|Any CPU.ActiveCfg = Release|Any CPU
		{55E7948E-B2FF-44D9-B133-367EA9100676}.Release|Any CPU.Build.0 = Release|Any CPU
		{B8750FA1-E37F-434E-BFA8-FD27A0FA670F}.Debug|Any CPU.ActiveCfg = Debug|Any CPU
		{B8750FA1-E37F-434E-BFA8-FD27A0FA670F}.Debug|Any CPU.Build.0 = Debug|Any CPU
		{B8750FA1-E37F-434E-BFA8-FD27A0FA670F}.Release|Any CPU.ActiveCfg = Release|Any CPU
		{B8750FA1-E37F-434E-BFA8-FD27A0FA670F}.Release|Any CPU.Build.0 = Release|Any CPU
		{34AF7FDB-7FE6-4B35-80DC-7BBFF47A8E54}.Debug|Any CPU.ActiveCfg = Debug|Any CPU
		{34AF7FDB-7FE6-4B35-80DC-7BBFF47A8E54}.Debug|Any CPU.Build.0 = Debug|Any CPU
		{34AF7FDB-7FE6-4B35-80DC-7BBFF47A8E54}.Release|Any CPU.ActiveCfg = Release|Any CPU
		{34AF7FDB-7FE6-4B35-80DC-7BBFF47A8E54}.Release|Any CPU.Build.0 = Release|Any CPU
		{A80CDDF4-36E9-436D-A33C-9D5700CDF4CD}.Debug|Any CPU.ActiveCfg = Debug|Any CPU
		{A80CDDF4-36E9-436D-A33C-9D5700CDF4CD}.Debug|Any CPU.Build.0 = Debug|Any CPU
		{A80CDDF4-36E9-436D-A33C-9D5700CDF4CD}.Release|Any CPU.ActiveCfg = Release|Any CPU
		{A80CDDF4-36E9-436D-A33C-9D5700CDF4CD}.Release|Any CPU.Build.0 = Release|Any CPU
	EndGlobalSection
	GlobalSection(SolutionProperties) = preSolution
		HideSolutionNode = FALSE
	EndGlobalSection
	GlobalSection(NestedProjects) = preSolution
		{D7EA2581-FE6F-4277-8B55-BB7200F78E19} = {639588C2-76A2-4D46-BC48-A539CB9D3507}
		{EDA52F3E-D7F2-4874-9F2D-865A59311FA1} = {639588C2-76A2-4D46-BC48-A539CB9D3507}
		{55E7948E-B2FF-44D9-B133-367EA9100676} = {639588C2-76A2-4D46-BC48-A539CB9D3507}
		{B8750FA1-E37F-434E-BFA8-FD27A0FA670F} = {9CCA7E67-1225-4D4C-9780-BB51E63CF104}
		{34AF7FDB-7FE6-4B35-80DC-7BBFF47A8E54} = {9CCA7E67-1225-4D4C-9780-BB51E63CF104}
		{A80CDDF4-36E9-436D-A33C-9D5700CDF4CD} = {9CCA7E67-1225-4D4C-9780-BB51E63CF104}
	EndGlobalSection
	GlobalSection(ExtensibilityGlobals) = postSolution
		SolutionGuid = {ACC479E3-AF5C-41A2-987E-7F61A21C63F5}
	EndGlobalSection
EndGlobal
